hash: 554a7b0ba0cb4b8828a886518be387a03d9018a0186b28e032dd553d45e0afd6
updated: 2017-11-30T19:41:09.080502382+08:00
imports:
- name: github.com/golang/protobuf
  version: 5a0f697c9ed9d68fef0116532c6e05cfeae00e55
  subpackages:
  - proto
  - ptypes
  - ptypes/any
  - ptypes/duration
  - ptypes/timestamp
- name: golang.org/x/net
  version: 66aacef3dd8a676686c7ae3716979581e8b03c47
  subpackages:
  - context
  - http2
  - http2/hpack
  - idna
  - internal/timeseries
  - lex/httplex
  - trace
- name: golang.org/x/text
  version: b19bf474d317b857955b12035d2c5acb57ce8b01
  subpackages:
  - secure/bidirule
  - transform
  - unicode/bidi
  - unicode/norm
- name: google.golang.org/genproto
  version: 09f6ed296fc66555a25fe4ce95173148778dfa85
  subpackages:
  - googleapis/rpc/status
- name: google.golang.org/grpc
  version: 5a9f7b402fe85096d2e1d0383435ee1876e863d0
  subpackages:
  - balancer
  - balancer/roundrobin
  - codes
  - connectivity
  - credentials
  - encoding
  - grpclb/grpc_lb_v1/messages
  - grpclog
  - internal
  - keepalive
  - metadata
  - naming
  - peer
  - resolver
  - resolver/dns
  - resolver/passthrough
  - stats
  - status
  - tap
  - transport
testImports: []
